
Microsoft Visual Studio Solution File, Format Version 12.00
# Visual Studio Version 16
VisualStudioVersion = 16.0.30804.86
MinimumVisualStudioVersion = 10.0.40219.1
Project("{FAE04EC0-301F-11D3-BF4B-00C04F79EFBC}") = "arvr_2_core_csharp", "arvr_2_core_csharp\arvr_2_core_csharp.csproj", "{ADB3F243-AA9D-4494-A7DA-9018FD09228F}"
EndProject
Global
	GlobalSection(SolutionConfigurationPlatforms) = preSolution
		Debug|Any CPU = Debug|Any CPU
		Release|Any CPU = Release|Any CPU
	EndGlobalSection
	GlobalSection(ProjectConfigurationPlatforms) = postSolution
		{ADB3F243-AA9D-4494-A7DA-9018FD09228F}.Debug|Any CPU.ActiveCfg = Debug|Any CPU
		{ADB3F243-AA9D-4494-A7DA-9018FD09228F}.Debug|Any CPU.Build.0 = Debug|Any CPU
		{ADB3F243-AA9D-4494-A7DA-9018FD09228F}.Release|Any CPU.ActiveCfg = Release|Any CPU
		{ADB3F243-AA9D-4494-A7DA-9018FD09228F}.Release|Any CPU.Build.0 = Release|Any CPU
	EndGlobalSection
	GlobalSection(SolutionProperties) = preSolution
		HideSolutionNode = FALSE
	EndGlobalSection
	GlobalSection(ExtensibilityGlobals) = postSolution
		SolutionGuid = {84C00BD5-C581-42DC-96C1-A6EF7F3C390C}
	EndGlobalSection
EndGlobal
